
Microsoft Visual Studio Solution File, Format Version 12.00
# Visual Studio Version 18
VisualStudioVersion = 18.2.11415.280 d18.0
MinimumVisualStudioVersion = 10.0.40219.1
Project("{FAE04EC0-301F-11D3-BF4B-00C04F79EFBC}") = "Vocentra", "Vocentra.csproj", "{FC52DB38-845F-6364-925B-67A23DD44EDA}"
EndProject
Global
	GlobalSection(SolutionConfigurationPlatforms) = preSolution
		Debug|Any CPU = Debug|Any CPU
		Release|Any CPU = Release|Any CPU
	EndGlobalSection
	GlobalSection(ProjectConfigurationPlatforms) = postSolution
		{FC52DB38-845F-6364-925B-67A23DD44EDA}.Debug|Any CPU.ActiveCfg = Debug|Any CPU
		{FC52DB38-845F-6364-925B-67A23DD44EDA}.Debug|Any CPU.Build.0 = Debug|Any CPU
		{FC52DB38-845F-6364-925B-67A23DD44EDA}.Release|Any CPU.ActiveCfg = Release|Any CPU
		{FC52DB38-845F-6364-925B-67A23DD44EDA}.Release|Any CPU.Build.0 = Release|Any CPU
	EndGlobalSection
	GlobalSection(SolutionProperties) = preSolution
		HideSolutionNode = FALSE
	EndGlobalSection
	GlobalSection(ExtensibilityGlobals) = postSolution
		SolutionGuid = {5E1C1492-873E-4ECD-8524-B701B501716F}
	EndGlobalSection
EndGlobal
